
Microsoft Visual Studio Solution File, Format Version 12.00
Project("{FAE04EC0-301F-11D3-BF4B-00C04F79EFBC}") = "hsh.common", "net-core\common\hsh.common\hsh.common.csproj", "{D76B1736-9F2C-439D-9B2D-DC95B8DFA5A5}"
EndProject
Project("{FAE04EC0-301F-11D3-BF4B-00C04F79EFBC}") = "audit.dto", "net-core\microservices\audit\audit.dto\audit.dto.csproj", "{17F2994B-F0A4-42CD-A47C-D87D3FC3F535}"
EndProject
Global
	GlobalSection(SolutionConfigurationPlatforms) = preSolution
		Debug|Any CPU = Debug|Any CPU
		Release|Any CPU = Release|Any CPU
	EndGlobalSection
	GlobalSection(ProjectConfigurationPlatforms) = postSolution
		{D76B1736-9F2C-439D-9B2D-DC95B8DFA5A5}.Debug|Any CPU.ActiveCfg = Debug|Any CPU
		{D76B1736-9F2C-439D-9B2D-DC95B8DFA5A5}.Debug|Any CPU.Build.0 = Debug|Any CPU
		{D76B1736-9F2C-439D-9B2D-DC95B8DFA5A5}.Release|Any CPU.ActiveCfg = Release|Any CPU
		{D76B1736-9F2C-439D-9B2D-DC95B8DFA5A5}.Release|Any CPU.Build.0 = Release|Any CPU
		{17F2994B-F0A4-42CD-A47C-D87D3FC3F535}.Debug|Any CPU.ActiveCfg = Debug|Any CPU
		{17F2994B-F0A4-42CD-A47C-D87D3FC3F535}.Debug|Any CPU.Build.0 = Debug|Any CPU
		{17F2994B-F0A4-42CD-A47C-D87D3FC3F535}.Release|Any CPU.ActiveCfg = Release|Any CPU
		{17F2994B-F0A4-42CD-A47C-D87D3FC3F535}.Release|Any CPU.Build.0 = Release|Any CPU
	EndGlobalSection
EndGlobal
